Microsoft Visual Studio Solution File, Format Version 12.00
# Visual Studio Version 17
VisualStudioVersion = 17.0.31912.275
MinimumVisualStudioVersion = 10.0.40219.1
Project("{9A19103F-16F7-4668-BE54-9A1E7A4F7556}") = "FleetRental.Domain", "src/FleetRental.Domain/FleetRental.Domain.csproj", "{F2F5A5F6-3C9E-4B0C-9A47-6D5F7F6A7F01}"
EndProject
Project("{9A19103F-16F7-4668-BE54-9A1E7A4F7556}") = "FleetRental.Application", "src/FleetRental.Application/FleetRental.Application.csproj", "{E4D0B9A4-BB6A-4C84-9A17-6D73B2A6D5B2}"
EndProject
Project("{9A19103F-16F7-4668-BE54-9A1E7A4F7556}") = "FleetRental.Infrastructure", "src/FleetRental.Infrastructure/FleetRental.Infrastructure.csproj", "{A3E1F6C8-1D8D-4E3D-9F8B-1B4D7E2E6B33}"
EndProject
Project("{9A19103F-16F7-4668-BE54-9A1E7A4F7556}") = "FleetRental.Presentation", "src/FleetRental.Presentation/FleetRental.Presentation.csproj", "{B7F2C3E1-5B6A-4D2E-8D01-1A2F3C4D5E6F}"
EndProject
Global
	GlobalSection(SolutionConfigurationPlatforms) = preSolution
		Debug|Any CPU = Debug|Any CPU
		Release|Any CPU = Release|Any CPU
	EndGlobalSection
	GlobalSection(ProjectConfigurationPlatforms) = postSolution
		{F2F5A5F6-3C9E-4B0C-9A47-6D5F7F6A7F01}.Debug|Any CPU.ActiveCfg = Debug|Any CPU
		{F2F5A5F6-3C9E-4B0C-9A47-6D5F7F6A7F01}.Debug|Any CPU.Build.0 = Debug|Any CPU
		{F2F5A5F6-3C9E-4B0C-9A47-6D5F7F6A7F01}.Release|Any CPU.ActiveCfg = Release|Any CPU
		{F2F5A5F6-3C9E-4B0C-9A47-6D5F7F6A7F01}.Release|Any CPU.Build.0 = Release|Any CPU
		{E4D0B9A4-BB6A-4C84-9A17-6D73B2A6D5B2}.Debug|Any CPU.ActiveCfg = Debug|Any CPU
		{E4D0B9A4-BB6A-4C84-9A17-6D73B2A6D5B2}.Debug|Any CPU.Build.0 = Debug|Any CPU
		{E4D0B9A4-BB6A-4C84-9A17-6D73B2A6D5B2}.Release|Any CPU.ActiveCfg = Release|Any CPU
		{E4D0B9A4-BB6A-4C84-9A17-6D73B2A6D5B2}.Release|Any CPU.Build.0 = Release|Any CPU
		{A3E1F6C8-1D8D-4E3D-9F8B-1B4D7E2E6B33}.Debug|Any CPU.ActiveCfg = Debug|Any CPU
		{A3E1F6C8-1D8D-4E3D-9F8B-1B4D7E2E6B33}.Debug|Any CPU.Build.0 = Debug|Any CPU
		{A3E1F6C8-1D8D-4E3D-9F8B-1B4D7E2E6B33}.Release|Any CPU.ActiveCfg = Release|Any CPU
		{A3E1F6C8-1D8D-4E3D-9F8B-1B4D7E2E6B33}.Release|Any CPU.Build.0 = Release|Any CPU
		{B7F2C3E1-5B6A-4D2E-8D01-1A2F3C4D5E6F}.Debug|Any CPU.ActiveCfg = Debug|Any CPU
		{B7F2C3E1-5B6A-4D2E-8D01-1A2F3C4D5E6F}.Debug|Any CPU.Build.0 = Debug|Any CPU
		{B7F2C3E1-5B6A-4D2E-8D01-1A2F3C4D5E6F}.Release|Any CPU.ActiveCfg = Release|Any CPU
		{B7F2C3E1-5B6A-4D2E-8D01-1A2F3C4D5E6F}.Release|Any CPU.Build.0 = Release|Any CPU
	EndGlobalSection
	GlobalSection(SolutionProperties) = preSolution
		HideSolutionNode = FALSE
	EndGlobalSection
EndGlobal
